
Microsoft Visual Studio Solution File, Format Version 12.00
# Visual Studio Version 17
VisualStudioVersion = 17.11.35327.3
MinimumVisualStudioVersion = 10.0.40219.1
Project("{2150E333-8FDC-42A3-9474-1A3956D46DE8}") = "1. Layers", "1. Layers", "{F6395F00-E598-42B6-8433-1530943C1F84}"
EndProject
Project("{2150E333-8FDC-42A3-9474-1A3956D46DE8}") = "1.1 Presentation", "1.1 Presentation", "{742E7FA8-6A2F-4439-8E8D-53B7A7408FA0}"
EndProject
Project("{2150E333-8FDC-42A3-9474-1A3956D46DE8}") = "1.2 Aplication", "1.2 Aplication", "{6F990C42-63DC-428E-A398-D32682EB5F9C}"
EndProject
Project("{2150E333-8FDC-42A3-9474-1A3956D46DE8}") = "1.3. DistributedServices", "1.3. DistributedServices", "{98B4F917-040B-41C1-B74D-B98D403E9A49}"
EndProject
Project("{2150E333-8FDC-42A3-9474-1A3956D46DE8}") = "1.4 Infraestructure", "1.4 Infraestructure", "{A9F24CF9-D835-4450-86E9-9152C14822B3}"
EndProject
Project("{2150E333-8FDC-42A3-9474-1A3956D46DE8}") = "1.5 Domain", "1.5 Domain", "{36DB2A2A-CE8B-480E-8636-F84B68A78EAB}"
EndProject
Project("{FAE04EC0-301F-11D3-BF4B-00C04F79EFBC}") = "Aplication", "Aplication\Aplication.csproj", "{4153C1B7-B059-48BF-A1ED-925956CFA884}"
EndProject
Project("{FAE04EC0-301F-11D3-BF4B-00C04F79EFBC}") = "DistributedServices", "DistributedServices\DistributedServices.csproj", "{BD5727A0-769E-438E-BA15-B0B9DF983334}"
EndProject
Project("{FAE04EC0-301F-11D3-BF4B-00C04F79EFBC}") = "Infraestructure", "Infraestructure\Infraestructure.csproj", "{71C63C17-0B55-437E-ACD0-9CCCCE17E7AB}"
EndProject
Project("{FAE04EC0-301F-11D3-BF4B-00C04F79EFBC}") = "Domain", "Domain\Domain.csproj", "{9C9AC558-89AC-414E-8F9C-A95076648F05}"
EndProject
Project("{2150E333-8FDC-42A3-9474-1A3956D46DE8}") = "1.1.1 Services", "1.1.1 Services", "{1404A7AC-99AB-4D6B-9DD8-A8978DFE92BE}"
EndProject
Project("{2150E333-8FDC-42A3-9474-1A3956D46DE8}") = "2. UniTest", "2. UniTest", "{A2D00A85-84A3-45B9-B46C-37299C2D7C60}"
EndProject
Project("{FAE04EC0-301F-11D3-BF4B-00C04F79EFBC}") = "UnitTestProject1", "UnitTestProject1\UnitTestProject1.csproj", "{F876B5D3-B660-4365-8F34-659296AB85FF}"
EndProject
Project("{FAE04EC0-301F-11D3-BF4B-00C04F79EFBC}") = "Service", "Service\Service.csproj", "{D44733F9-D3F8-4CC4-A935-1174029F803E}"
EndProject
Global
	GlobalSection(SolutionConfigurationPlatforms) = preSolution
		Debug|Any CPU = Debug|Any CPU
		Release|Any CPU = Release|Any CPU
	EndGlobalSection
	GlobalSection(ProjectConfigurationPlatforms) = postSolution
		{4153C1B7-B059-48BF-A1ED-925956CFA884}.Debug|Any CPU.ActiveCfg = Debug|Any CPU
		{4153C1B7-B059-48BF-A1ED-925956CFA884}.Debug|Any CPU.Build.0 = Debug|Any CPU
		{4153C1B7-B059-48BF-A1ED-925956CFA884}.Release|Any CPU.ActiveCfg = Release|Any CPU
		{4153C1B7-B059-48BF-A1ED-925956CFA884}.Release|Any CPU.Build.0 = Release|Any CPU
		{BD5727A0-769E-438E-BA15-B0B9DF983334}.Debug|Any CPU.ActiveCfg = Debug|Any CPU
		{BD5727A0-769E-438E-BA15-B0B9DF983334}.Debug|Any CPU.Build.0 = Debug|Any CPU
		{BD5727A0-769E-438E-BA15-B0B9DF983334}.Release|Any CPU.ActiveCfg = Release|Any CPU
		{BD5727A0-769E-438E-BA15-B0B9DF983334}.Release|Any CPU.Build.0 = Release|Any CPU
		{71C63C17-0B55-437E-ACD0-9CCCCE17E7AB}.Debug|Any CPU.ActiveCfg = Debug|Any CPU
		{71C63C17-0B55-437E-ACD0-9CCCCE17E7AB}.Debug|Any CPU.Build.0 = Debug|Any CPU
		{71C63C17-0B55-437E-ACD0-9CCCCE17E7AB}.Release|Any CPU.ActiveCfg = Release|Any CPU
		{71C63C17-0B55-437E-ACD0-9CCCCE17E7AB}.Release|Any CPU.Build.0 = Release|Any CPU
		{9C9AC558-89AC-414E-8F9C-A95076648F05}.Debug|Any CPU.ActiveCfg = Debug|Any CPU
		{9C9AC558-89AC-414E-8F9C-A95076648F05}.Debug|Any CPU.Build.0 = Debug|Any CPU
		{9C9AC558-89AC-414E-8F9C-A95076648F05}.Release|Any CPU.ActiveCfg = Release|Any CPU
		{9C9AC558-89AC-414E-8F9C-A95076648F05}.Release|Any CPU.Build.0 = Release|Any CPU
		{F876B5D3-B660-4365-8F34-659296AB85FF}.Debug|Any CPU.ActiveCfg = Debug|Any CPU
		{F876B5D3-B660-4365-8F34-659296AB85FF}.Debug|Any CPU.Build.0 = Debug|Any CPU
		{F876B5D3-B660-4365-8F34-659296AB85FF}.Release|Any CPU.ActiveCfg = Release|Any CPU
		{F876B5D3-B660-4365-8F34-659296AB85FF}.Release|Any CPU.Build.0 = Release|Any CPU
		{D44733F9-D3F8-4CC4-A935-1174029F803E}.Debug|Any CPU.ActiveCfg = Debug|Any CPU
		{D44733F9-D3F8-4CC4-A935-1174029F803E}.Debug|Any CPU.Build.0 = Debug|Any CPU
		{D44733F9-D3F8-4CC4-A935-1174029F803E}.Release|Any CPU.ActiveCfg = Release|Any CPU
		{D44733F9-D3F8-4CC4-A935-1174029F803E}.Release|Any CPU.Build.0 = Release|Any CPU
	EndGlobalSection
	GlobalSection(SolutionProperties) = preSolution
		HideSolutionNode = FALSE
	EndGlobalSection
	GlobalSection(NestedProjects) = preSolution
		{742E7FA8-6A2F-4439-8E8D-53B7A7408FA0} = {F6395F00-E598-42B6-8433-1530943C1F84}
		{6F990C42-63DC-428E-A398-D32682EB5F9C} = {F6395F00-E598-42B6-8433-1530943C1F84}
		{98B4F917-040B-41C1-B74D-B98D403E9A49} = {F6395F00-E598-42B6-8433-1530943C1F84}
		{A9F24CF9-D835-4450-86E9-9152C14822B3} = {F6395F00-E598-42B6-8433-1530943C1F84}
		{36DB2A2A-CE8B-480E-8636-F84B68A78EAB} = {F6395F00-E598-42B6-8433-1530943C1F84}
		{4153C1B7-B059-48BF-A1ED-925956CFA884} = {6F990C42-63DC-428E-A398-D32682EB5F9C}
		{BD5727A0-769E-438E-BA15-B0B9DF983334} = {98B4F917-040B-41C1-B74D-B98D403E9A49}
		{71C63C17-0B55-437E-ACD0-9CCCCE17E7AB} = {A9F24CF9-D835-4450-86E9-9152C14822B3}
		{9C9AC558-89AC-414E-8F9C-A95076648F05} = {36DB2A2A-CE8B-480E-8636-F84B68A78EAB}
		{1404A7AC-99AB-4D6B-9DD8-A8978DFE92BE} = {742E7FA8-6A2F-4439-8E8D-53B7A7408FA0}
		{F876B5D3-B660-4365-8F34-659296AB85FF} = {A2D00A85-84A3-45B9-B46C-37299C2D7C60}
		{D44733F9-D3F8-4CC4-A935-1174029F803E} = {1404A7AC-99AB-4D6B-9DD8-A8978DFE92BE}
	EndGlobalSection
	GlobalSection(ExtensibilityGlobals) = postSolution
		SolutionGuid = {89E7C483-6630-4CC7-B73E-D923A9089495}
	EndGlobalSection
EndGlobal
